
Microsoft Visual Studio Solution File, Format Version 12.00
# Visual Studio Version 17
VisualStudioVersion = 17.10.35004.147
MinimumVisualStudioVersion = 10.0.40219.1
Project("{FAE04EC0-301F-11D3-BF4B-00C04F79EFBC}") = "CaesarCipherConsole", "CaesarCipherConsole\CaesarCipherConsole.csproj", "{A9AD3146-1E72-4A7D-A20B-0C3DA2127691}"
EndProject
Global
	GlobalSection(SolutionConfigurationPlatforms) = preSolution
		Debug|Any CPU = Debug|Any CPU
		Release|Any CPU = Release|Any CPU
	EndGlobalSection
	GlobalSection(ProjectConfigurationPlatforms) = postSolution
		{A9AD3146-1E72-4A7D-A20B-0C3DA2127691}.Debug|Any CPU.ActiveCfg = Debug|Any CPU
		{A9AD3146-1E72-4A7D-A20B-0C3DA2127691}.Debug|Any CPU.Build.0 = Debug|Any CPU
		{A9AD3146-1E72-4A7D-A20B-0C3DA2127691}.Release|Any CPU.ActiveCfg = Release|Any CPU
		{A9AD3146-1E72-4A7D-A20B-0C3DA2127691}.Release|Any CPU.Build.0 = Release|Any CPU
	EndGlobalSection
	GlobalSection(SolutionProperties) = preSolution
		HideSolutionNode = FALSE
	EndGlobalSection
	GlobalSection(ExtensibilityGlobals) = postSolution
		SolutionGuid = {63B6355B-3242-4627-96C1-0F6BEE87514C}
	EndGlobalSection
EndGlobal
